{
  "name": "iobroker.g-homa",
  "version": "0.1.1",
  "lockfileVersion": 1,
  "requires": true,
  "dependencies": {
    "@types/node": {
      "version": "4.2.21",
      "resolved": "https://registry.npmjs.org/@types/node/-/node-4.2.21.tgz",
      "integrity": "sha512-j1cTTWBkbf1EyDAaGkvIRMrZQm4F3j071nDoOBRLuYc3JFkmCXm/dworx9P0WNS6c/X+siGIogkO6Kshw3gHWQ==",
      "dev": true
    },
    "g-homa": {
      "version": "0.0.5",
      "resolved": "https://registry.npmjs.org/g-homa/-/g-homa-0.0.5.tgz",
      "integrity": "sha512-v7ugWl/7gA1hAcodwP6riav/T7iy99DmhFxYE59mHKPlydbG6RKn7uUMZ6/kilMLXuw8CfhFf3qsMug/MsupUw=="
    },
    "minimist": {
      "version": "https://registry.npmjs.org/minimist/-/minimist-1.2.0.tgz",
      "integrity": "sha1-o1AIsg9BOD7sH7kU9M1d95omQoQ="
    },
    "typescript": {
      "version": "2.5.3",
      "resolved": "https://registry.npmjs.org/typescript/-/typescript-2.5.3.tgz",
      "integrity": "sha512-ptLSQs2S4QuS6/OD1eAKG+S5G8QQtrU5RT32JULdZQtM1L3WTi34Wsu48Yndzi8xsObRAB9RPt/KhA9wlpEF6w==",
      "dev": true
    }
  }
}
